// !$*UTF8*$!
{
	archiveVersion = 1;
	classes = {
	};
	objectVersion = 46;
	objects = {

/* Begin PBXBuildFile section */
		A1B2BE381B85724000EE11A7 /* main.m in Sources */ = {isa = PBXBuildFile; fileRef = A1B2BE371B85724000EE11A7 /* main.m */; };
		A1B2BE3B1B85724000EE11A7 /* AppDelegate.m in Sources */ = {isa = PBXBuildFile; fileRef = A1B2BE3A1B85724000EE11A7 /* AppDelegate.m */; };
		A1B2BE3E1B85724000EE11A7 /* ViewController.m in Sources */ = {isa = PBXBuildFile; fileRef = A1B2BE3D1B85724000EE11A7 /* ViewController.m */; };
		A1B2BE411B85724000EE11A7 /* Main.storyboard in Resources */ = {isa = PBXBuildFile; fileRef = A1B2BE3F1B85724000EE11A7 /* Main.storyboard */; };
		A1B2BE431B85724000EE11A7 /* Images.xcassets in Resources */ = {isa = PBXBuildFile; fileRef = A1B2BE421B85724000EE11A7 /* Images.xcassets */; };
		A1B2BE461B85724000EE11A7 /* LaunchScreen.xib in Resources */ = {isa = PBXBuildFile; fileRef = A1B2BE441B85724000EE11A7 /* LaunchScreen.xib */; };
		A1B2BE521B85724100EE11A7 /* _______Tests.m in Sources */ = {isa = PBXBuildFile; fileRef = A1B2BE511B85724100EE11A7 /* _______Tests.m */; };
/* End PBXBuildFile section */

/* Begin PBXContainerItemProxy section */
		A1B2BE4C1B85724100EE11A7 /* PBXContainerItemProxy */ = {
			isa = PBXContainerItemProxy;
			containerPortal = A1B2BE2A1B85724000EE11A7 /* Project object */;
			proxyType = 1;
			remoteGlobalIDString = A1B2BE311B85724000EE11A7;
			remoteInfo = "获取联系人信息";
		};
/* End PBXContainerItemProxy section */

/* Begin PBXFileReference section */
		A1B2BE321B85724000EE11A7 /* 获取联系人信息.app */ = {isa = PBXFileReference; explicitFileType = wrapper.application; includeInIndex = 0; path = "获取联系人信息.app"; sourceTree = BUILT_PRODUCTS_DIR; };
		A1B2BE361B85724000EE11A7 /* Info.plist */ = {isa = PBXFileReference; lastKnownFileType = text.plist.xml; path = Info.plist; sourceTree = "<group>"; };
		A1B2BE371B85724000EE11A7 /* main.m */ = {isa = PBXFileReference; lastKnownFileType = sourcecode.c.objc; path = main.m; sourceTree = "<group>"; };
		A1B2BE391B85724000EE11A7 /* AppDelegate.h */ = {isa = PBXFileReference; lastKnownFileType = sourcecode.c.h; path = AppDelegate.h; sourceTree = "<group>"; };
		A1B2BE3A1B85724000EE11A7 /* AppDelegate.m */ = {isa = PBXFileReference; lastKnownFileType = sourcecode.c.objc; path = AppDelegate.m; sourceTree = "<group>"; };
		A1B2BE3C1B85724000EE11A7 /* ViewController.h */ = {isa = PBXFileReference; lastKnownFileType = sourcecode.c.h; path = ViewController.h; sourceTree = "<group>"; };
		A1B2BE3D1B85724000EE11A7 /* ViewController.m */ = {isa = PBXFileReference; lastKnownFileType = sourcecode.c.objc; path = ViewController.m; sourceTree = "<group>"; };
		A1B2BE401B85724000EE11A7 /* Base */ = {isa = PBXFileReference; lastKnownFileType = file.storyboard; name = Base; path = Base.lproj/Main.storyboard; sourceTree = "<group>"; };
		A1B2BE421B85724000EE11A7 /* Images.xcassets */ = {isa = PBXFileReference; lastKnownFileType = folder.assetcatalog; path = Images.xcassets; sourceTree = "<group>"; };
		A1B2BE451B85724000EE11A7 /* Base */ = {isa = PBXFileReference; lastKnownFileType = file.xib; name = Base; path = Base.lproj/LaunchScreen.xib; sourceTree = "<group>"; };
		A1B2BE4B1B85724100EE11A7 /* 获取联系人信息Tests.xctest */ = {isa = PBXFileReference; explicitFileType = wrapper.cfbundle; includeInIndex = 0; path = "获取联系人信息Tests.xctest"; sourceTree = BUILT_PRODUCTS_DIR; };
		A1B2BE501B85724100EE11A7 /* Info.plist */ = {isa = PBXFileReference; lastKnownFileType = text.plist.xml; path = Info.plist; sourceTree = "<group>"; };
		A1B2BE511B85724100EE11A7 /* _______Tests.m */ = {isa = PBXFileReference; lastKnownFileType = sourcecode.c.objc; path = "_______Tests.m"; sourceTree = "<group>"; };
/* End PBXFileReference section */

/* Begin PBXFrameworksBuildPhase section */
		A1B2BE2F1B85724000EE11A7 /* Frameworks */ = {
			isa = PBXFrameworksBuildPhase;
			buildActionMask = 2147483647;
			files = (
			);
			runOnlyForDeploymentPostprocessing = 0;
		};
		A1B2BE481B85724100EE11A7 /* Frameworks */ = {
			isa = PBXFrameworksBuildPhase;
			buildActionMask = 2147483647;
			files = (
			);
			runOnlyForDeploymentPostprocessing = 0;
		};
/* End PBXFrameworksBuildPhase section */

/* Begin PBXGroup section */
		A1B2BE291B85724000EE11A7 = {
			isa = PBXGroup;
			children = (
				A1B2BE341B85724000EE11A7 /* 获取联系人信息 */,
				A1B2BE4E1B85724100EE11A7 /* 获取联系人信息Tests */,
				A1B2BE331B85724000EE11A7 /* Products */,
			);
			sourceTree = "<group>";
		};
		A1B2BE331B85724000EE11A7 /* Products */ = {
			isa = PBXGroup;
			children = (
				A1B2BE321B85724000EE11A7 /* 获取联系人信息.app */,
				A1B2BE4B1B85724100EE11A7 /* 获取联系人信息Tests.xctest */,
			);
			name = Products;
			sourceTree = "<group>";
		};
		A1B2BE341B85724000EE11A7 /* 获取联系人信息 */ = {
			isa = PBXGroup;
			children = (
				A1B2BE391B85724000EE11A7 /* AppDelegate.h */,
				A1B2BE3A1B85724000EE11A7 /* AppDelegate.m */,
				A1B2BE3C1B85724000EE11A7 /* ViewController.h */,
				A1B2BE3D1B85724000EE11A7 /* ViewController.m */,
				A1B2BE3F1B85724000EE11A7 /* Main.storyboard */,
				A1B2BE421B85724000EE11A7 /* Images.xcassets */,
				A1B2BE441B85724000EE11A7 /* LaunchScreen.xib */,
				A1B2BE351B85724000EE11A7 /* Supporting Files */,
			);
			path = "获取联系人信息";
			sourceTree = "<group>";
		};
		A1B2BE351B85724000EE11A7 /* Supporting Files */ = {
			isa = PBXGroup;
			children = (
				A1B2BE361B85724000EE11A7 /* Info.plist */,
				A1B2BE371B85724000EE11A7 /* main.m */,
			);
			name = "Supporting Files";
			sourceTree = "<group>";
		};
		A1B2BE4E1B85724100EE11A7 /* 获取联系人信息Tests */ = {
			isa = PBXGroup;
			children = (
				A1B2BE511B85724100EE11A7 /* _______Tests.m */,
				A1B2BE4F1B85724100EE11A7 /* Supporting Files */,
			);
			path = "获取联系人信息Tests";
			sourceTree = "<group>";
		};
		A1B2BE4F1B85724100EE11A7 /* Supporting Files */ = {
			isa = PBXGroup;
			children = (
				A1B2BE501B85724100EE11A7 /* Info.plist */,
			);
			name = "Supporting Files";
			sourceTree = "<group>";
		};
/* End PBXGroup section */

/* Begin PBXNativeTarget section */
		A1B2BE311B85724000EE11A7 /* 获取联系人信息 */ = {
			isa = PBXNativeTarget;
			buildConfigurationList = A1B2BE551B85724100EE11A7 /* Build configuration list for PBXNativeTarget "获取联系人信息" */;
			buildPhases = (
				A1B2BE2E1B85724000EE11A7 /* Sources */,
				A1B2BE2F1B85724000EE11A7 /* Frameworks */,
				A1B2BE301B85724000EE11A7 /* Resources */,
			);
			buildRules = (
			);
			dependencies = (
			);
			name = "获取联系人信息";
			productName = "获取联系人信息";
			productReference = A1B2BE321B85724000EE11A7 /* 获取联系人信息.app */;
			productType = "com.apple.product-type.application";
		};
		A1B2BE4A1B85724100EE11A7 /* 获取联系人信息Tests */ = {
			isa = PBXNativeTarget;
			buildConfigurationList = A1B2BE581B85724100EE11A7 /* Build configuration list for PBXNativeTarget "获取联系人信息Tests" */;
			buildPhases = (
				A1B2BE471B85724100EE11A7 /* Sources */,
				A1B2BE481B85724100EE11A7 /* Frameworks */,
				A1B2BE491B85724100EE11A7 /* Resources */,
			);
			buildRules = (
			);
			dependencies = (
				A1B2BE4D1B85724100EE11A7 /* PBXTargetDependency */,
			);
			name = "获取联系人信息Tests";
			productName = "获取联系人信息Tests";
			productReference = A1B2BE4B1B85724100EE11A7 /* 获取联系人信息Tests.xctest */;
			productType = "com.apple.product-type.bundle.unit-test";
		};
/* End PBXNativeTarget section */

/* Begin PBXProject section */
		A1B2BE2A1B85724000EE11A7 /* Project object */ = {
			isa = PBXProject;
			attributes = {
				LastUpgradeCheck = 0630;
				ORGANIZATIONNAME = andy;
				TargetAttributes = {
					A1B2BE311B85724000EE11A7 = {
						CreatedOnToolsVersion = 6.3.1;
					};
					A1B2BE4A1B85724100EE11A7 = {
						CreatedOnToolsVersion = 6.3.1;
						TestTargetID = A1B2BE311B85724000EE11A7;
					};
				};
			};
			buildConfigurationList = A1B2BE2D1B85724000EE11A7 /* Build configuration list for PBXProject "获取联系人信息" */;
			compatibilityVersion = "Xcode 3.2";
			developmentRegion = English;
			hasScannedForEncodings = 0;
			knownRegions = (
				en,
				Base,
			);
			mainGroup = A1B2BE291B85724000EE11A7;
			productRefGroup = A1B2BE331B85724000EE11A7 /* Products */;
			projectDirPath = "";
			projectRoot = "";
			targets = (
				A1B2BE311B85724000EE11A7 /* 获取联系人信息 */,
				A1B2BE4A1B85724100EE11A7 /* 获取联系人信息Tests */,
			);
		};
/* End PBXProject section */

/* Begin PBXResourcesBuildPhase section */
		A1B2BE301B85724000EE11A7 /* Resources */ = {
			isa = PBXResourcesBuildPhase;
			buildActionMask = 2147483647;
			files = (
				A1B2BE411B85724000EE11A7 /* Main.storyboard in Resources */,
				A1B2BE461B85724000EE11A7 /* LaunchScreen.xib in Resources */,
				A1B2BE431B85724000EE11A7 /* Images.xcassets in Resources */,
			);
			runOnlyForDeploymentPostprocessing = 0;
		};
		A1B2BE491B85724100EE11A7 /* Resources */ = {
			isa = PBXResourcesBuildPhase;
			buildActionMask = 2147483647;
			files = (
			);
			runOnlyForDeploymentPostprocessing = 0;
		};
/* End PBXResourcesBuildPhase section */

/* Begin PBXSourcesBuildPhase section */
		A1B2BE2E1B85724000EE11A7 /* Sources */ = {
			isa = PBXSourcesBuildPhase;
			buildActionMask = 2147483647;
			files = (
				A1B2BE3E1B85724000EE11A7 /* ViewController.m in Sources */,
				A1B2BE3B1B85724000EE11A7 /* AppDelegate.m in Sources */,
				A1B2BE381B85724000EE11A7 /* main.m in Sources */,
			);
			runOnlyForDeploymentPostprocessing = 0;
		};
		A1B2BE471B85724100EE11A7 /* Sources */ = {
			isa = PBXSourcesBuildPhase;
			buildActionMask = 2147483647;
			files = (
				A1B2BE521B85724100EE11A7 /* _______Tests.m in Sources */,
			);
			runOnlyForDeploymentPostprocessing = 0;
		};
/* End PBXSourcesBuildPhase section */

/* Begin PBXTargetDependency section */
		A1B2BE4D1B85724100EE11A7 /* PBXTargetDependency */ = {
			isa = PBXTargetDependency;
			target = A1B2BE311B85724000EE11A7 /* 获取联系人信息 */;
			targetProxy = A1B2BE4C1B85724100EE11A7 /* PBXContainerItemProxy */;
		};
/* End PBXTargetDependency section */

/* Begin PBXVariantGroup section */
		A1B2BE3F1B85724000EE11A7 /* Main.storyboard */ = {
			isa = PBXVariantGroup;
			children = (
				A1B2BE401B85724000EE11A7 /* Base */,
			);
			name = Main.storyboard;
			sourceTree = "<group>";
		};
		A1B2BE441B85724000EE11A7 /* LaunchScreen.xib */ = {
			isa = PBXVariantGroup;
			children = (
				A1B2BE451B85724000EE11A7 /* Base */,
			);
			name = LaunchScreen.xib;
			sourceTree = "<group>";
		};
/* End PBXVariantGroup section */

/* Begin XCBuildConfiguration section */
		A1B2BE531B85724100EE11A7 /* Debug */ = {
			isa = XCBuildConfiguration;
			buildSettings = {
				ALWAYS_SEARCH_USER_PATHS = NO;
				CLANG_CXX_LANGUAGE_STANDARD = "gnu++0x";
				CLANG_CXX_LIBRARY = "libc++";
				CLANG_ENABLE_MODULES = YES;
				CLANG_ENABLE_OBJC_ARC = YES;
				CLANG_WARN_BOOL_CONVERSION = YES;
				CLANG_WARN_CONSTANT_CONVERSION = YES;
				CLANG_WARN_DIRECT_OBJC_ISA_USAGE = YES_ERROR;
				CLANG_WARN_EMPTY_BODY = YES;
				CLANG_WARN_ENUM_CONVERSION = YES;
				CLANG_WARN_INT_CONVERSION = YES;
				CLANG_WARN_OBJC_ROOT_CLASS = YES_ERROR;
				CLANG_WARN_UNREACHABLE_CODE = YES;
				CLANG_WARN__DUPLICATE_METHOD_MATCH = YES;
				"CODE_SIGN_IDENTITY[sdk=iphoneos*]" = "iPhone Developer";
				COPY_PHASE_STRIP = NO;
				DEBUG_INFORMATION_FORMAT = "dwarf-with-dsym";
				ENABLE_STRICT_OBJC_MSGSEND = YES;
				GCC_C_LANGUAGE_STANDARD = gnu99;
				GCC_DYNAMIC_NO_PIC = NO;
				GCC_NO_COMMON_BLOCKS = YES;
				GCC_OPTIMIZATION_LEVEL = 0;
				GCC_PREPROCESSOR_DEFINITIONS = (
					"DEBUG=1",
					"$(inherited)",
				);
				GCC_SYMBOLS_PRIVATE_EXTERN = NO;
				GCC_WARN_64_TO_32_BIT_CONVERSION = YES;
				GCC_WARN_ABOUT_RETURN_TYPE = YES_ERROR;
				GCC_WARN_UNDECLARED_SELECTOR = YES;
				GCC_WARN_UNINITIALIZED_AUTOS = YES_AGGRESSIVE;
				GCC_WARN_UNUSED_FUNCTION = YES;
				GCC_WARN_UNUSED_VARIABLE = YES;
				IPHONEOS_DEPLOYMENT_TARGET = 8.3;
				MTL_ENABLE_DEBUG_INFO = YES;
				ONLY_ACTIVE_ARCH = YES;
				SDKROOT = iphoneos;
				TARGETED_DEVICE_FAMILY = "1,2";
			};
			name = Debug;
		};
		A1B2BE541B85724100EE11A7 /* Release */ = {
			isa = XCBuildConfiguration;
			buildSettings = {
				ALWAYS_SEARCH_USER_PATHS = NO;
				CLANG_CXX_LANGUAGE_STANDARD = "gnu++0x";
				CLANG_CXX_LIBRARY = "libc++";
				CLANG_ENABLE_MODULES = YES;
				CLANG_ENABLE_OBJC_ARC = YES;
				CLANG_WARN_BOOL_CONVERSION = YES;
				CLANG_WARN_CONSTANT_CONVERSION = YES;
				CLANG_WARN_DIRECT_OBJC_ISA_USAGE = YES_ERROR;
				CLANG_WARN_EMPTY_BODY = YES;
				CLANG_WARN_ENUM_CONVERSION = YES;
				CLANG_WARN_INT_CONVERSION = YES;
				CLANG_WARN_OBJC_ROOT_CLASS = YES_ERROR;
				CLANG_WARN_UNREACHABLE_CODE = YES;
				CLANG_WARN__DUPLICATE_METHOD_MATCH = YES;
				"CODE_SIGN_IDENTITY[sdk=iphoneos*]" = "iPhone Developer";
				COPY_PHASE_STRIP = NO;
				DEBUG_INFORMATION_FORMAT = "dwarf-with-dsym";
				ENABLE_NS_ASSERTIONS = NO;
				ENABLE_STRICT_OBJC_MSGSEND = YES;
				GCC_C_LANGUAGE_STANDARD = gnu99;
				GCC_NO_COMMON_BLOCKS = YES;
				GCC_WARN_64_TO_32_BIT_CONVERSION = YES;
				GCC_WARN_ABOUT_RETURN_TYPE = YES_ERROR;
				GCC_WARN_UNDECLARED_SELECTOR = YES;
				GCC_WARN_UNINITIALIZED_AUTOS = YES_AGGRESSIVE;
				GCC_WARN_UNUSED_FUNCTION = YES;
				GCC_WARN_UNUSED_VARIABLE = YES;
				IPHONEOS_DEPLOYMENT_TARGET = 8.3;
				MTL_ENABLE_DEBUG_INFO = NO;
				SDKROOT = iphoneos;
				TARGETED_DEVICE_FAMILY = "1,2";
				VALIDATE_PRODUCT = YES;
			};
			name = Release;
		};
		A1B2BE561B85724100EE11A7 /* Debug */ = {
			isa = XCBuildConfiguration;
			buildSettings = {
				ASSETCATALOG_COMPILER_APPICON_NAME = AppIcon;
				INFOPLIST_FILE = "获取联系人信息/Info.plist";
				LD_RUNPATH_SEARCH_PATHS = "$(inherited) @executable_path/Frameworks";
				PRODUCT_NAME = "$(TARGET_NAME)";
			};
			name = Debug;
		};
		A1B2BE571B85724100EE11A7 /* Release */ = {
			isa = XCBuildConfiguration;
			buildSettings = {
				ASSETCATALOG_COMPILER_APPICON_NAME = AppIcon;
				INFOPLIST_FILE = "获取联系人信息/Info.plist";
				LD_RUNPATH_SEARCH_PATHS = "$(inherited) @executable_path/Frameworks";
				PRODUCT_NAME = "$(TARGET_NAME)";
			};
			name = Release;
		};
		A1B2BE591B85724100EE11A7 /* Debug */ = {
			isa = XCBuildConfiguration;
			buildSettings = {
				BUNDLE_LOADER = "$(TEST_HOST)";
				FRAMEWORK_SEARCH_PATHS = (
					"$(SDKROOT)/Developer/Library/Frameworks",
					"$(inherited)",
				);
				GCC_PREPROCESSOR_DEFINITIONS = (
					"DEBUG=1",
					"$(inherited)",
				);
				INFOPLIST_FILE = "获取联系人信息Tests/Info.plist";
				LD_RUNPATH_SEARCH_PATHS = "$(inherited) @executable_path/Frameworks @loader_path/Frameworks";
				PRODUCT_NAME = "$(TARGET_NAME)";
				TEST_HOST = "$(BUILT_PRODUCTS_DIR)/获取联系人信息.app/获取联系人信息";
			};
			name = Debug;
		};
		A1B2BE5A1B85724100EE11A7 /* Release */ = {
			isa = XCBuildConfiguration;
			buildSettings = {
				BUNDLE_LOADER = "$(TEST_HOST)";
				FRAMEWORK_SEARCH_PATHS = (
					"$(SDKROOT)/Developer/Library/Frameworks",
					"$(inherited)",
				);
				INFOPLIST_FILE = "获取联系人信息Tests/Info.plist";
				LD_RUNPATH_SEARCH_PATHS = "$(inherited) @executable_path/Frameworks @loader_path/Frameworks";
				PRODUCT_NAME = "$(TARGET_NAME)";
				TEST_HOST = "$(BUILT_PRODUCTS_DIR)/获取联系人信息.app/获取联系人信息";
			};
			name = Release;
		};
/* End XCBuildConfiguration section */

/* Begin XCConfigurationList section */
		A1B2BE2D1B85724000EE11A7 /* Build configuration list for PBXProject "获取联系人信息" */ = {
			isa = XCConfigurationList;
			buildConfigurations = (
				A1B2BE531B85724100EE11A7 /* Debug */,
				A1B2BE541B85724100EE11A7 /* Release */,
			);
			defaultConfigurationIsVisible = 0;
			defaultConfigurationName = Release;
		};
		A1B2BE551B85724100EE11A7 /* Build configuration list for PBXNativeTarget "获取联系人信息" */ = {
			isa = XCConfigurationList;
			buildConfigurations = (
				A1B2BE561B85724100EE11A7 /* Debug */,
				A1B2BE571B85724100EE11A7 /* Release */,
			);
			defaultConfigurationIsVisible = 0;
		};
		A1B2BE581B85724100EE11A7 /* Build configuration list for PBXNativeTarget "获取联系人信息Tests" */ = {
			isa = XCConfigurationList;
			buildConfigurations = (
				A1B2BE591B85724100EE11A7 /* Debug */,
				A1B2BE5A1B85724100EE11A7 /* Release */,
			);
			defaultConfigurationIsVisible = 0;
		};
/* End XCConfigurationList section */
	};
	rootObject = A1B2BE2A1B85724000EE11A7 /* Project object */;
}
